{
	"name": "app",
	"version": "1.0.0",
	"lockfileVersion": 1,
	"requires": true,
	"dependencies": {
		"@types/cors": {
			"version": "2.8.12",
			"resolved": "https://registry.npmjs.org/@types/cors/-/cors-2.8.12.tgz",
			"integrity": "sha512-vt+kDhq/M2ayberEtJcIN/hxXy1Pk+59g2FV/ZQceeaTyCtCucjL2Q7FXlFjtWn4n15KCr1NE2lNNFhp0lEThw==",
			"dev": true
		},
		"yarn": {
			"version": "1.22.11",
			"resolved": "https://registry.npmjs.org/yarn/-/yarn-1.22.11.tgz",
			"integrity": "sha512-AWje4bzqO9RUn3sdnM5N8n4ZJ0BqCc/kqFJvpOI5/EVkINXui0yuvU7NDCEF//+WaxHuNay2uOHxA4+tq1P3cg=="
		}
	}
}
